{
  "requires": true,
  "lockfileVersion": 1,
  "dependencies": {
    "bootstrap-affix": {
      "version": "1.0.1",
      "resolved": "https://registry.npmjs.org/bootstrap-affix/-/bootstrap-affix-1.0.1.tgz",
      "integrity": "sha512-Ogehxin7s/A9xvNjsYbZipBfairDyxCUTuFmpWcs8ph2WgbwoA0eJoOThWVQbENmkI3lpd/CF0GIKaCvBDWCYA=="
    }
  }
}
